
Microsoft Visual Studio Solution File, Format Version 12.00
# Visual Studio Version 17
VisualStudioVersion = 17.0.32014.148
MinimumVisualStudioVersion = 10.0.40219.1
Project("{FAE04EC0-301F-11D3-BF4B-00C04F79EFBC}") = "AuthProject", "AuthProject\AuthProject.csproj", "{331A749E-7CCC-4B54-8E9B-585F4AA99615}"
EndProject
Global
	GlobalSection(SolutionConfigurationPlatforms) = preSolution
		Debug|Any CPU = Debug|Any CPU
		Release|Any CPU = Release|Any CPU
	EndGlobalSection
	GlobalSection(ProjectConfigurationPlatforms) = postSolution
		{331A749E-7CCC-4B54-8E9B-585F4AA99615}.Debug|Any CPU.ActiveCfg = Debug|Any CPU
		{331A749E-7CCC-4B54-8E9B-585F4AA99615}.Debug|Any CPU.Build.0 = Debug|Any CPU
		{331A749E-7CCC-4B54-8E9B-585F4AA99615}.Release|Any CPU.ActiveCfg = Release|Any CPU
		{331A749E-7CCC-4B54-8E9B-585F4AA99615}.Release|Any CPU.Build.0 = Release|Any CPU
	EndGlobalSection
	GlobalSection(SolutionProperties) = preSolution
		HideSolutionNode = FALSE
	EndGlobalSection
	GlobalSection(ExtensibilityGlobals) = postSolution
		SolutionGuid = {73E87F91-669D-4123-86F9-AF99C0A64621}
	EndGlobalSection
EndGlobal
